
Microsoft Visual Studio Solution File, Format Version 12.00
# Visual Studio 14
VisualStudioVersion = 14.0.25123.0
MinimumVisualStudioVersion = 10.0.40219.1
Project("{FAE04EC0-301F-11D3-BF4B-00C04F79EFBC}") = "Strategy.Web", "Strategy.Web\Strategy.Web.csproj", "{59A0793C-C0DB-4FDF-AC4E-3EF1085BFB7B}"
EndProject
Project("{FAE04EC0-301F-11D3-BF4B-00C04F79EFBC}") = "Strategy.Tests", "Strategy.Tests\Strategy.Tests.csproj", "{9DA1956E-C526-4B38-859F-012CEA6529A0}"
EndProject
Project("{FAE04EC0-301F-11D3-BF4B-00C04F79EFBC}") = "Strategy.Domain", "Strategy.Domain\Strategy.Domain.csproj", "{69C5B217-76D1-4FBC-B730-33BB07D31E15}"
EndProject
Global
	GlobalSection(SolutionConfigurationPlatforms) = preSolution
		Debug|Any CPU = Debug|Any CPU
		Release|Any CPU = Release|Any CPU
	EndGlobalSection
	GlobalSection(ProjectConfigurationPlatforms) = postSolution
		{59A0793C-C0DB-4FDF-AC4E-3EF1085BFB7B}.Debug|Any CPU.ActiveCfg = Debug|Any CPU
		{59A0793C-C0DB-4FDF-AC4E-3EF1085BFB7B}.Debug|Any CPU.Build.0 = Debug|Any CPU
		{59A0793C-C0DB-4FDF-AC4E-3EF1085BFB7B}.Release|Any CPU.ActiveCfg = Release|Any CPU
		{59A0793C-C0DB-4FDF-AC4E-3EF1085BFB7B}.Release|Any CPU.Build.0 = Release|Any CPU
		{9DA1956E-C526-4B38-859F-012CEA6529A0}.Debug|Any CPU.ActiveCfg = Debug|Any CPU
		{9DA1956E-C526-4B38-859F-012CEA6529A0}.Debug|Any CPU.Build.0 = Debug|Any CPU
		{9DA1956E-C526-4B38-859F-012CEA6529A0}.Release|Any CPU.ActiveCfg = Release|Any CPU
		{9DA1956E-C526-4B38-859F-012CEA6529A0}.Release|Any CPU.Build.0 = Release|Any CPU
		{69C5B217-76D1-4FBC-B730-33BB07D31E15}.Debug|Any CPU.ActiveCfg = Debug|Any CPU
		{69C5B217-76D1-4FBC-B730-33BB07D31E15}.Debug|Any CPU.Build.0 = Debug|Any CPU
		{69C5B217-76D1-4FBC-B730-33BB07D31E15}.Release|Any CPU.ActiveCfg = Release|Any CPU
		{69C5B217-76D1-4FBC-B730-33BB07D31E15}.Release|Any CPU.Build.0 = Release|Any CPU
	EndGlobalSection
	GlobalSection(SolutionProperties) = preSolution
		HideSolutionNode = FALSE
	EndGlobalSection
EndGlobal
